// !$*UTF8*$!
{
	archiveVersion = 1;
	classes = {
	};
	objectVersion = 50;
	objects = {

/* Begin PBXBuildFile section */
		016D4BDCBCB7210AF59990A4 /* Accelerate.framework in Frameworks */ = {isa = PBXBuildFile; fileRef = 311F4ECDA74FAE171FACFA68 /* Accelerate.framework */; };
		0D7149D5975764825EFCE89A /* GoogleSignIn.framework in Frameworks */ = {isa = PBXBuildFile; fileRef = 1C3341A2A5483C9BB843E062 /* GoogleSignIn.framework */; settings = {ATTRIBUTES = (Weak, ); }; };
		0DA44EABBDAECC3C0855BE52 /* SystemConfiguration.framework in Frameworks */ = {isa = PBXBuildFile; fileRef = 7081479D812B3E37BB2CD9BD /* SystemConfiguration.framework */; };
		135244AEA80B9FEA877CCC48 /* FBSDKLoginKit.framework in Embed Frameworks */ = {isa = PBXBuildFile; fileRef = 5B954A00A1034A03A0A2482B /* FBSDKLoginKit.framework */; settings = {ATTRIBUTES = (CodeSignOnCopy, RemoveHeadersOnCopy, ); }; };
		13AB42E2808F8D9EA4541532 /* LocalAuthentication.framework in Frameworks */ = {isa = PBXBuildFile; fileRef = B5D04BCC81483B57FEB3F490 /* LocalAuthentication.framework */; };
		13B4432D8226EC6FDCC213DF /* TOPCore.framework in Frameworks */ = {isa = PBXBuildFile; fileRef = D3E54D358A0088D5257A4577 /* TOPCore.framework */; settings = {ATTRIBUTES = (Weak, ); }; };
		14E743BCAE20B01F99780161 /* CoreTelephony.framework in Frameworks */ = {isa = PBXBuildFile; fileRef = 10204619BE67051800EE54E4 /* CoreTelephony.framework */; };
		2CA3BEF426CDF4C6002F661A /* AppDelegate.m in Sources */ = {isa = PBXBuildFile; fileRef = 2CA3BEF326CDF4C6002F661A /* AppDelegate.m */; };
		2CA3BEF726CDF4C6002F661A /* SceneDelegate.m in Sources */ = {isa = PBXBuildFile; fileRef = 2CA3BEF626CDF4C6002F661A /* SceneDelegate.m */; };
		2CA3BEFA26CDF4C6002F661A /* ViewController.m in Sources */ = {isa = PBXBuildFile; fileRef = 2CA3BEF926CDF4C6002F661A /* ViewController.m */; };
		2CA3BEFD26CDF4C6002F661A /* Main.storyboard in Resources */ = {isa = PBXBuildFile; fileRef = 2CA3BEFB26CDF4C6002F661A /* Main.storyboard */; };
		2CA3BEFF26CDF4C7002F661A /* Assets.xcassets in Resources */ = {isa = PBXBuildFile; fileRef = 2CA3BEFE26CDF4C7002F661A /* Assets.xcassets */; };
		2CA3BF0226CDF4C7002F661A /* LaunchScreen.storyboard in Resources */ = {isa = PBXBuildFile; fileRef = 2CA3BF0026CDF4C7002F661A /* LaunchScreen.storyboard */; };
		2CA3BF0526CDF4C7002F661A /* main.m in Sources */ = {isa = PBXBuildFile; fileRef = 2CA3BF0426CDF4C7002F661A /* main.m */; };
		2DE54185A9D2B457C62C6E0F /* TOPIAPPayPlugin.framework in Frameworks */ = {isa = PBXBuildFile; fileRef = 8F374264BF0C20A57AEE4074 /* TOPIAPPayPlugin.framework */; settings = {ATTRIBUTES = (Weak, ); }; };
		3E8D455FBA622311E7DA0A94 /* FBSDKLoginKit.framework in Frameworks */ = {isa = PBXBuildFile; fileRef = 5B954A00A1034A03A0A2482B /* FBSDKLoginKit.framework */; settings = {ATTRIBUTES = (Weak, ); }; };
		4BC243B4979965B7CEA68CB8 /* AuthenticationServices.framework in Frameworks */ = {isa = PBXBuildFile; fileRef = 4F8E45E895CAE6ED35EA9042 /* AuthenticationServices.framework */; };
		4E444BF4A2D9C31FF2159968 /* SafariServices.framework in Frameworks */ = {isa = PBXBuildFile; fileRef = 17E34DE2B0B1B6E1A45D55D9 /* SafariServices.framework */; };
		54F34002B771A0E3283F2767 /* AdSupport.framework in Frameworks */ = {isa = PBXBuildFile; fileRef = A47C40499FC6CFE9F08C6F77 /* AdSupport.framework */; };
		604E43FE9686F03C95F620E8 /* TOPCoreModel.xcdatamodeld in Sources */ = {isa = PBXBuildFile; fileRef = DC1B4E15926F56CECED78948 /* TOPCoreModel.xcdatamodeld */; };
		69824685AE7772A9D5954A14 /* StoreKit.framework in Frameworks */ = {isa = PBXBuildFile; fileRef = 989B4484914D1FF2B0298977 /* StoreKit.framework */; };
		699E472EB5890D4D31F0EC7D /* Accounts.framework in Frameworks */ = {isa = PBXBuildFile; fileRef = 389D468E8675EF80741CA950 /* Accounts.framework */; };
		705049C988A3ABC4122E1122 /* TOPGuestSigninPlugin.framework in Frameworks */ = {isa = PBXBuildFile; fileRef = BC9749FA9DDB02D6A11EA529 /* TOPGuestSigninPlugin.framework */; settings = {ATTRIBUTES = (Weak, ); }; };
		75FE44D080DD858D2ABF9AFB /* FBSDKCoreKit.framework in Frameworks */ = {isa = PBXBuildFile; fileRef = 865C4EBF92D4703C5393EC59 /* FBSDKCoreKit.framework */; settings = {ATTRIBUTES = (Weak, ); }; };
		83394376901463ED0B101B06 /* CoreGraphics.framework in Frameworks */ = {isa = PBXBuildFile; fileRef = DC084B71B8B991254B179C92 /* CoreGraphics.framework */; };
		8F494B9BBB576FA32CBD044B /* AudioToolbox.framework in Frameworks */ = {isa = PBXBuildFile; fileRef = 291C4A868A48EAF9E736932A /* AudioToolbox.framework */; };
		8F5E4A48B3A0E159CEE3FA8F /* Security.framework in Frameworks */ = {isa = PBXBuildFile; fileRef = C15F4E8496E91719502FF2EC /* Security.framework */; };
		98D94461A2B5EF4F1FA9B6A2 /* FBSDKCoreKit.framework in Embed Frameworks */ = {isa = PBXBuildFile; fileRef = 865C4EBF92D4703C5393EC59 /* FBSDKCoreKit.framework */; settings = {ATTRIBUTES = (CodeSignOnCopy, RemoveHeadersOnCopy, ); }; };
		9BAC42948E4F2388D296B371 /* GoogleSignInDependencies.framework in Frameworks */ = {isa = PBXBuildFile; fileRef = 586F4D1889A869DC34E99E43 /* GoogleSignInDependencies.framework */; settings = {ATTRIBUTES = (Weak, ); }; };
		AB3D43CBB8CDD5D89D16EEAB /* TOPUIPlugin.framework in Frameworks */ = {isa = PBXBuildFile; fileRef = F88644E58402CD7EACB55258 /* TOPUIPlugin.framework */; settings = {ATTRIBUTES = (Weak, ); }; };
		AF5D439690D1D262E4740A5B /* libc++.tbd in Frameworks */ = {isa = PBXBuildFile; fileRef = 799646A9922786564B182E81 /* libc++.tbd */; };
		BB1C49159051E1653BE84CFA /* TOPSDK.framework in Frameworks */ = {isa = PBXBuildFile; fileRef = 97324B1BA2ACC1718C1B89C5 /* TOPSDK.framework */; settings = {ATTRIBUTES = (Weak, ); }; };
		C1DF45CA9D1CF586944DE0C6 /* TOPGoogleSigninPlugin.framework in Frameworks */ = {isa = PBXBuildFile; fileRef = BDFB4ACBB0443526AA22CEE3 /* TOPGoogleSigninPlugin.framework */; settings = {ATTRIBUTES = (Weak, ); }; };
		CDE341F298F7E9DB56E67FF3 /* libz.tbd in Frameworks */ = {isa = PBXBuildFile; fileRef = BDA94C61A025B11197E10C1B /* libz.tbd */; };
		DE9F4DB3B92DCBCC60687C93 /* QuartzCore.framework in Frameworks */ = {isa = PBXBuildFile; fileRef = 07794469865729859F39A190 /* QuartzCore.framework */; };
		E11342EA8C209ABAFA9E6E15 /* TOPAppleSigninPlugin.framework in Frameworks */ = {isa = PBXBuildFile; fileRef = E3B64B4886CEB2542B8AADE2 /* TOPAppleSigninPlugin.framework */; settings = {ATTRIBUTES = (Weak, ); }; };
		E1C84E1AACA48837080AA257 /* TopSDKSource.bundle in Resources */ = {isa = PBXBuildFile; fileRef = 74D14967A183A6F6111E3715 /* TopSDKSource.bundle */; };
		E52D4CDDBB1A34B7C6EC701B /* Social.framework in Frameworks */ = {isa = PBXBuildFile; fileRef = 66ED4E53AE4D4E3708C144F1 /* Social.framework */; };
		FECA444390248744573E139B /* TOPFacebookSigninPlugin.framework in Frameworks */ = {isa = PBXBuildFile; fileRef = C19E4EEABEE9CD9AC1A3B8F3 /* TOPFacebookSigninPlugin.framework */; settings = {ATTRIBUTES = (Weak, ); }; };
		FF8C4D2D92E8559F094BBFB5 /* GoogleSignIn.bundle in Resources */ = {isa = PBXBuildFile; fileRef = C58F470CBEC930201B13C20A /* GoogleSignIn.bundle */; };
/* End PBXBuildFile section */

/* Begin PBXCopyFilesBuildPhase section */
		3ADB4558A08998A39AE199D1 /* Embed Frameworks */ = {
			isa = PBXCopyFilesBuildPhase;
			buildActionMask = 2147483647;
			dstPath = "";
			dstSubfolderSpec = 10;
			files = (
				98D94461A2B5EF4F1FA9B6A2 /* FBSDKCoreKit.framework in Embed Frameworks */,
				135244AEA80B9FEA877CCC48 /* FBSDKLoginKit.framework in Embed Frameworks */,
			);
			name = "Embed Frameworks";
			runOnlyForDeploymentPostprocessing = 0;
		};
/* End PBXCopyFilesBuildPhase section */

/* Begin PBXFileReference section */
		07794469865729859F39A190 /* QuartzCore.framework */ = {isa = PBXFileReference; lastKnownFileType = wrapper.framework; name = QuartzCore.framework; path = System/Library/Frameworks/QuartzCore.framework; sourceTree = SDKROOT; };
		10204619BE67051800EE54E4 /* CoreTelephony.framework */ = {isa = PBXFileReference; lastKnownFileType = wrapper.framework; name = CoreTelephony.framework; path = System/Library/Frameworks/CoreTelephony.framework; sourceTree = SDKROOT; };
		17E34DE2B0B1B6E1A45D55D9 /* SafariServices.framework */ = {isa = PBXFileReference; lastKnownFileType = wrapper.framework; name = SafariServices.framework; path = System/Library/Frameworks/SafariServices.framework; sourceTree = SDKROOT; };
		1C3341A2A5483C9BB843E062 /* GoogleSignIn.framework */ = {isa = PBXFileReference; lastKnownFileType = wrapper.framework; name = GoogleSignIn.framework; path = topSDK/GoogleSignIn.framework; sourceTree = SOURCE_ROOT; };
		291C4A868A48EAF9E736932A /* AudioToolbox.framework */ = {isa = PBXFileReference; lastKnownFileType = wrapper.framework; name = AudioToolbox.framework; path = System/Library/Frameworks/AudioToolbox.framework; sourceTree = SDKROOT; };
		2CA3BEEF26CDF4C6002F661A /* native-sample.app */ = {isa = PBXFileReference; explicitFileType = wrapper.application; includeInIndex = 0; path = "native-sample.app"; sourceTree = BUILT_PRODUCTS_DIR; };
		2CA3BEF226CDF4C6002F661A /* AppDelegate.h */ = {isa = PBXFileReference; lastKnownFileType = sourcecode.c.h; path = AppDelegate.h; sourceTree = "<group>"; };
		2CA3BEF326CDF4C6002F661A /* AppDelegate.m */ = {isa = PBXFileReference; lastKnownFileType = sourcecode.c.objc; path = AppDelegate.m; sourceTree = "<group>"; };
		2CA3BEF526CDF4C6002F661A /* SceneDelegate.h */ = {isa = PBXFileReference; lastKnownFileType = sourcecode.c.h; path = SceneDelegate.h; sourceTree = "<group>"; };
		2CA3BEF626CDF4C6002F661A /* SceneDelegate.m */ = {isa = PBXFileReference; lastKnownFileType = sourcecode.c.objc; path = SceneDelegate.m; sourceTree = "<group>"; };
		2CA3BEF826CDF4C6002F661A /* ViewController.h */ = {isa = PBXFileReference; lastKnownFileType = sourcecode.c.h; path = ViewController.h; sourceTree = "<group>"; };
		2CA3BEF926CDF4C6002F661A /* ViewController.m */ = {isa = PBXFileReference; lastKnownFileType = sourcecode.c.objc; path = ViewController.m; sourceTree = "<group>"; };
		2CA3BEFC26CDF4C6002F661A /* Base */ = {isa = PBXFileReference; lastKnownFileType = file.storyboard; name = Base; path = Base.lproj/Main.storyboard; sourceTree = "<group>"; };
		2CA3BEFE26CDF4C7002F661A /* Assets.xcassets */ = {isa = PBXFileReference; lastKnownFileType = folder.assetcatalog; path = Assets.xcassets; sourceTree = "<group>"; };
		2CA3BF0126CDF4C7002F661A /* Base */ = {isa = PBXFileReference; lastKnownFileType = file.storyboard; name = Base; path = Base.lproj/LaunchScreen.storyboard; sourceTree = "<group>"; };
		2CA3BF0326CDF4C7002F661A /* Info.plist */ = {isa = PBXFileReference; lastKnownFileType = text.plist.xml; path = Info.plist; sourceTree = "<group>"; };
		2CA3BF0426CDF4C7002F661A /* main.m */ = {isa = PBXFileReference; lastKnownFileType = sourcecode.c.objc; path = main.m; sourceTree = "<group>"; };
		2CA3BF0B26CDFA68002F661A /* ar */ = {isa = PBXFileReference; lastKnownFileType = text.plist.strings; name = ar; path = ar.lproj/Main.strings; sourceTree = "<group>"; };
		2CA3BF0C26CDFA68002F661A /* ar */ = {isa = PBXFileReference; lastKnownFileType = text.plist.strings; name = ar; path = ar.lproj/LaunchScreen.strings; sourceTree = "<group>"; };
		2CA3BF0D26CDFA6D002F661A /* zh-Hans */ = {isa = PBXFileReference; lastKnownFileType = text.plist.strings; name = "zh-Hans"; path = "zh-Hans.lproj/Main.strings"; sourceTree = "<group>"; };
		2CA3BF0E26CDFA6D002F661A /* zh-Hans */ = {isa = PBXFileReference; lastKnownFileType = text.plist.strings; name = "zh-Hans"; path = "zh-Hans.lproj/LaunchScreen.strings"; sourceTree = "<group>"; };
		2CA3BF0F26CDFA72002F661A /* zh-HK */ = {isa = PBXFileReference; lastKnownFileType = text.plist.strings; name = "zh-HK"; path = "zh-HK.lproj/Main.strings"; sourceTree = "<group>"; };
		2CA3BF1026CDFA72002F661A /* zh-HK */ = {isa = PBXFileReference; lastKnownFileType = text.plist.strings; name = "zh-HK"; path = "zh-HK.lproj/LaunchScreen.strings"; sourceTree = "<group>"; };
		2CA3BF1126CDFA88002F661A /* ko */ = {isa = PBXFileReference; lastKnownFileType = text.plist.strings; name = ko; path = ko.lproj/Main.strings; sourceTree = "<group>"; };
		2CA3BF1226CDFA88002F661A /* ko */ = {isa = PBXFileReference; lastKnownFileType = text.plist.strings; name = ko; path = ko.lproj/LaunchScreen.strings; sourceTree = "<group>"; };
		311F4ECDA74FAE171FACFA68 /* Accelerate.framework */ = {isa = PBXFileReference; lastKnownFileType = wrapper.framework; name = Accelerate.framework; path = System/Library/Frameworks/Accelerate.framework; sourceTree = SDKROOT; };
		389D468E8675EF80741CA950 /* Accounts.framework */ = {isa = PBXFileReference; lastKnownFileType = wrapper.framework; name = Accounts.framework; path = System/Library/Frameworks/Accounts.framework; sourceTree = SDKROOT; };
		4F8E45E895CAE6ED35EA9042 /* AuthenticationServices.framework */ = {isa = PBXFileReference; lastKnownFileType = wrapper.framework; name = AuthenticationServices.framework; path = System/Library/Frameworks/AuthenticationServices.framework; sourceTree = SDKROOT; };
		586F4D1889A869DC34E99E43 /* GoogleSignInDependencies.framework */ = {isa = PBXFileReference; lastKnownFileType = wrapper.framework; name = GoogleSignInDependencies.framework; path = topSDK/GoogleSignInDependencies.framework; sourceTree = SOURCE_ROOT; };
		5B954A00A1034A03A0A2482B /* FBSDKLoginKit.framework */ = {isa = PBXFileReference; lastKnownFileType = wrapper.framework; name = FBSDKLoginKit.framework; path = topSDK/FBSDKLoginKit.framework; sourceTree = SOURCE_ROOT; };
		66ED4E53AE4D4E3708C144F1 /* Social.framework */ = {isa = PBXFileReference; lastKnownFileType = wrapper.framework; name = Social.framework; path = System/Library/Frameworks/Social.framework; sourceTree = SDKROOT; };
		7081479D812B3E37BB2CD9BD /* SystemConfiguration.framework */ = {isa = PBXFileReference; lastKnownFileType = wrapper.framework; name = SystemConfiguration.framework; path = System/Library/Frameworks/SystemConfiguration.framework; sourceTree = SDKROOT; };
		74D14967A183A6F6111E3715 /* TopSDKSource.bundle */ = {isa = PBXFileReference; lastKnownFileType = "wrapper.plug-in"; name = TopSDKSource.bundle; path = topSDK/TopSDKSource.bundle; sourceTree = SOURCE_ROOT; };
		799646A9922786564B182E81 /* libc++.tbd */ = {isa = PBXFileReference; lastKnownFileType = "sourcecode.text-based-dylib-definition"; name = "libc++.tbd"; path = "usr/lib/libc++.tbd"; sourceTree = SDKROOT; };
		865C4EBF92D4703C5393EC59 /* FBSDKCoreKit.framework */ = {isa = PBXFileReference; lastKnownFileType = wrapper.framework; name = FBSDKCoreKit.framework; path = topSDK/FBSDKCoreKit.framework; sourceTree = SOURCE_ROOT; };
		8F374264BF0C20A57AEE4074 /* TOPIAPPayPlugin.framework */ = {isa = PBXFileReference; lastKnownFileType = wrapper.framework; name = TOPIAPPayPlugin.framework; path = topSDK/TOPIAPPayPlugin.framework; sourceTree = SOURCE_ROOT; };
		97324B1BA2ACC1718C1B89C5 /* TOPSDK.framework */ = {isa = PBXFileReference; lastKnownFileType = wrapper.framework; name = TOPSDK.framework; path = topSDK/TOPSDK.framework; sourceTree = SOURCE_ROOT; };
		989B4484914D1FF2B0298977 /* StoreKit.framework */ = {isa = PBXFileReference; lastKnownFileType = wrapper.framework; name = StoreKit.framework; path = System/Library/Frameworks/StoreKit.framework; sourceTree = SDKROOT; };
		A47C40499FC6CFE9F08C6F77 /* AdSupport.framework */ = {isa = PBXFileReference; lastKnownFileType = wrapper.framework; name = AdSupport.framework; path = System/Library/Frameworks/AdSupport.framework; sourceTree = SDKROOT; };
		B5D04BCC81483B57FEB3F490 /* LocalAuthentication.framework */ = {isa = PBXFileReference; lastKnownFileType = wrapper.framework; name = LocalAuthentication.framework; path = System/Library/Frameworks/LocalAuthentication.framework; sourceTree = SDKROOT; };
		BC9749FA9DDB02D6A11EA529 /* TOPGuestSigninPlugin.framework */ = {isa = PBXFileReference; lastKnownFileType = wrapper.framework; name = TOPGuestSigninPlugin.framework; path = topSDK/TOPGuestSigninPlugin.framework; sourceTree = SOURCE_ROOT; };
		BDA94C61A025B11197E10C1B /* libz.tbd */ = {isa = PBXFileReference; lastKnownFileType = "sourcecode.text-based-dylib-definition"; name = libz.tbd; path = usr/lib/libz.tbd; sourceTree = SDKROOT; };
		BDFB4ACBB0443526AA22CEE3 /* TOPGoogleSigninPlugin.framework */ = {isa = PBXFileReference; lastKnownFileType = wrapper.framework; name = TOPGoogleSigninPlugin.framework; path = topSDK/TOPGoogleSigninPlugin.framework; sourceTree = SOURCE_ROOT; };
		C15F4E8496E91719502FF2EC /* Security.framework */ = {isa = PBXFileReference; lastKnownFileType = wrapper.framework; name = Security.framework; path = System/Library/Frameworks/Security.framework; sourceTree = SDKROOT; };
		C19E4EEABEE9CD9AC1A3B8F3 /* TOPFacebookSigninPlugin.framework */ = {isa = PBXFileReference; lastKnownFileType = wrapper.framework; name = TOPFacebookSigninPlugin.framework; path = topSDK/TOPFacebookSigninPlugin.framework; sourceTree = SOURCE_ROOT; };
		C58F470CBEC930201B13C20A /* GoogleSignIn.bundle */ = {isa = PBXFileReference; lastKnownFileType = "wrapper.plug-in"; name = GoogleSignIn.bundle; path = topSDK/GoogleSignIn.bundle; sourceTree = SOURCE_ROOT; };
		D3E54D358A0088D5257A4577 /* TOPCore.framework */ = {isa = PBXFileReference; lastKnownFileType = wrapper.framework; name = TOPCore.framework; path = topSDK/TOPCore.framework; sourceTree = SOURCE_ROOT; };
		DC084B71B8B991254B179C92 /* CoreGraphics.framework */ = {isa = PBXFileReference; lastKnownFileType = wrapper.framework; name = CoreGraphics.framework; path = System/Library/Frameworks/CoreGraphics.framework; sourceTree = SDKROOT; };
		DC1B4E15926F56CECED78948 /* TOPCoreModel.xcdatamodeld */ = {isa = PBXFileReference; lastKnownFileType = wrapper.xcdatamodel; name = TOPCoreModel.xcdatamodeld; path = topSDK/TOPCoreModel.xcdatamodeld; sourceTree = SOURCE_ROOT; };
		E3B64B4886CEB2542B8AADE2 /* TOPAppleSigninPlugin.framework */ = {isa = PBXFileReference; lastKnownFileType = wrapper.framework; name = TOPAppleSigninPlugin.framework; path = topSDK/TOPAppleSigninPlugin.framework; sourceTree = SOURCE_ROOT; };
		F88644E58402CD7EACB55258 /* TOPUIPlugin.framework */ = {isa = PBXFileReference; lastKnownFileType = wrapper.framework; name = TOPUIPlugin.framework; path = topSDK/TOPUIPlugin.framework; sourceTree = SOURCE_ROOT; };
/* End PBXFileReference section */

/* Begin PBXFrameworksBuildPhase section */
		2CA3BEEC26CDF4C6002F661A /* Frameworks */ = {
			isa = PBXFrameworksBuildPhase;
			buildActionMask = 2147483647;
			files = (
				BB1C49159051E1653BE84CFA /* TOPSDK.framework in Frameworks */,
				13B4432D8226EC6FDCC213DF /* TOPCore.framework in Frameworks */,
				14E743BCAE20B01F99780161 /* CoreTelephony.framework in Frameworks */,
				705049C988A3ABC4122E1122 /* TOPGuestSigninPlugin.framework in Frameworks */,
				AB3D43CBB8CDD5D89D16EEAB /* TOPUIPlugin.framework in Frameworks */,
				2DE54185A9D2B457C62C6E0F /* TOPIAPPayPlugin.framework in Frameworks */,
				FECA444390248744573E139B /* TOPFacebookSigninPlugin.framework in Frameworks */,
				75FE44D080DD858D2ABF9AFB /* FBSDKCoreKit.framework in Frameworks */,
				3E8D455FBA622311E7DA0A94 /* FBSDKLoginKit.framework in Frameworks */,
				016D4BDCBCB7210AF59990A4 /* Accelerate.framework in Frameworks */,
				699E472EB5890D4D31F0EC7D /* Accounts.framework in Frameworks */,
				54F34002B771A0E3283F2767 /* AdSupport.framework in Frameworks */,
				E52D4CDDBB1A34B7C6EC701B /* Social.framework in Frameworks */,
				8F5E4A48B3A0E159CEE3FA8F /* Security.framework in Frameworks */,
				69824685AE7772A9D5954A14 /* StoreKit.framework in Frameworks */,
				DE9F4DB3B92DCBCC60687C93 /* QuartzCore.framework in Frameworks */,
				83394376901463ED0B101B06 /* CoreGraphics.framework in Frameworks */,
				8F494B9BBB576FA32CBD044B /* AudioToolbox.framework in Frameworks */,
				AF5D439690D1D262E4740A5B /* libc++.tbd in Frameworks */,
				CDE341F298F7E9DB56E67FF3 /* libz.tbd in Frameworks */,
				C1DF45CA9D1CF586944DE0C6 /* TOPGoogleSigninPlugin.framework in Frameworks */,
				9BAC42948E4F2388D296B371 /* GoogleSignInDependencies.framework in Frameworks */,
				0D7149D5975764825EFCE89A /* GoogleSignIn.framework in Frameworks */,
				13AB42E2808F8D9EA4541532 /* LocalAuthentication.framework in Frameworks */,
				4E444BF4A2D9C31FF2159968 /* SafariServices.framework in Frameworks */,
				0DA44EABBDAECC3C0855BE52 /* SystemConfiguration.framework in Frameworks */,
				4BC243B4979965B7CEA68CB8 /* AuthenticationServices.framework in Frameworks */,
				E11342EA8C209ABAFA9E6E15 /* TOPAppleSigninPlugin.framework in Frameworks */,
			);
			runOnlyForDeploymentPostprocessing = 0;
		};
/* End PBXFrameworksBuildPhase section */

/* Begin PBXGroup section */
		2CA3BEE626CDF4C6002F661A = {
			isa = PBXGroup;
			children = (
				2CA3BEF126CDF4C6002F661A /* native-sample */,
				2CA3BEF026CDF4C6002F661A /* Products */,
				42154A7397C1BA76FC8DDBBA /* Frameworks */,
				DC1B4E15926F56CECED78948 /* TOPCoreModel.xcdatamodeld */,
				74D14967A183A6F6111E3715 /* TopSDKSource.bundle */,
				C58F470CBEC930201B13C20A /* GoogleSignIn.bundle */,
			);
			sourceTree = "<group>";
		};
		2CA3BEF026CDF4C6002F661A /* Products */ = {
			isa = PBXGroup;
			children = (
				2CA3BEEF26CDF4C6002F661A /* native-sample.app */,
			);
			name = Products;
			sourceTree = "<group>";
		};
		2CA3BEF126CDF4C6002F661A /* native-sample */ = {
			isa = PBXGroup;
			children = (
				2CA3BEF226CDF4C6002F661A /* AppDelegate.h */,
				2CA3BEF326CDF4C6002F661A /* AppDelegate.m */,
				2CA3BEF526CDF4C6002F661A /* SceneDelegate.h */,
				2CA3BEF626CDF4C6002F661A /* SceneDelegate.m */,
				2CA3BEF826CDF4C6002F661A /* ViewController.h */,
				2CA3BEF926CDF4C6002F661A /* ViewController.m */,
				2CA3BEFB26CDF4C6002F661A /* Main.storyboard */,
				2CA3BEFE26CDF4C7002F661A /* Assets.xcassets */,
				2CA3BF0026CDF4C7002F661A /* LaunchScreen.storyboard */,
				2CA3BF0326CDF4C7002F661A /* Info.plist */,
				2CA3BF0426CDF4C7002F661A /* main.m */,
			);
			path = "native-sample";
			sourceTree = "<group>";
		};
		42154A7397C1BA76FC8DDBBA /* Frameworks */ = {
			isa = PBXGroup;
			children = (
				97324B1BA2ACC1718C1B89C5 /* TOPSDK.framework */,
				D3E54D358A0088D5257A4577 /* TOPCore.framework */,
				10204619BE67051800EE54E4 /* CoreTelephony.framework */,
				BC9749FA9DDB02D6A11EA529 /* TOPGuestSigninPlugin.framework */,
				F88644E58402CD7EACB55258 /* TOPUIPlugin.framework */,
				8F374264BF0C20A57AEE4074 /* TOPIAPPayPlugin.framework */,
				C19E4EEABEE9CD9AC1A3B8F3 /* TOPFacebookSigninPlugin.framework */,
				865C4EBF92D4703C5393EC59 /* FBSDKCoreKit.framework */,
				5B954A00A1034A03A0A2482B /* FBSDKLoginKit.framework */,
				311F4ECDA74FAE171FACFA68 /* Accelerate.framework */,
				389D468E8675EF80741CA950 /* Accounts.framework */,
				A47C40499FC6CFE9F08C6F77 /* AdSupport.framework */,
				66ED4E53AE4D4E3708C144F1 /* Social.framework */,
				C15F4E8496E91719502FF2EC /* Security.framework */,
				989B4484914D1FF2B0298977 /* StoreKit.framework */,
				07794469865729859F39A190 /* QuartzCore.framework */,
				DC084B71B8B991254B179C92 /* CoreGraphics.framework */,
				291C4A868A48EAF9E736932A /* AudioToolbox.framework */,
				799646A9922786564B182E81 /* libc++.tbd */,
				BDA94C61A025B11197E10C1B /* libz.tbd */,
				BDFB4ACBB0443526AA22CEE3 /* TOPGoogleSigninPlugin.framework */,
				586F4D1889A869DC34E99E43 /* GoogleSignInDependencies.framework */,
				1C3341A2A5483C9BB843E062 /* GoogleSignIn.framework */,
				B5D04BCC81483B57FEB3F490 /* LocalAuthentication.framework */,
				17E34DE2B0B1B6E1A45D55D9 /* SafariServices.framework */,
				7081479D812B3E37BB2CD9BD /* SystemConfiguration.framework */,
				4F8E45E895CAE6ED35EA9042 /* AuthenticationServices.framework */,
				E3B64B4886CEB2542B8AADE2 /* TOPAppleSigninPlugin.framework */,
			);
			name = Frameworks;
			sourceTree = "<group>";
		};
/* End PBXGroup section */

/* Begin PBXNativeTarget section */
		2CA3BEEE26CDF4C6002F661A /* native-sample */ = {
			isa = PBXNativeTarget;
			buildConfigurationList = 2CA3BF0826CDF4C7002F661A /* Build configuration list for PBXNativeTarget "native-sample" */;
			buildPhases = (
				2CA3BEEB26CDF4C6002F661A /* Sources */,
				2CA3BEEC26CDF4C6002F661A /* Frameworks */,
				2CA3BEED26CDF4C6002F661A /* Resources */,
				3ADB4558A08998A39AE199D1 /* Embed Frameworks */,
			);
			buildRules = (
			);
			dependencies = (
			);
			name = "native-sample";
			productName = "native-sample";
			productReference = 2CA3BEEF26CDF4C6002F661A /* native-sample.app */;
			productType = "com.apple.product-type.application";
		};
/* End PBXNativeTarget section */

/* Begin PBXProject section */
		2CA3BEE726CDF4C6002F661A /* Project object */ = {
			isa = PBXProject;
			attributes = {
				LastUpgradeCheck = 1250;
				TargetAttributes = {
					2CA3BEEE26CDF4C6002F661A = {
						CreatedOnToolsVersion = 12.5.1;
					};
				};
			};
			buildConfigurationList = 2CA3BEEA26CDF4C6002F661A /* Build configuration list for PBXProject "native-sample" */;
			compatibilityVersion = "Xcode 9.3";
			developmentRegion = en;
			hasScannedForEncodings = 0;
			knownRegions = (
				en,
				Base,
				ar,
				"zh-Hans",
				"zh-HK",
				ko,
			);
			mainGroup = 2CA3BEE626CDF4C6002F661A;
			productRefGroup = 2CA3BEF026CDF4C6002F661A /* Products */;
			projectDirPath = "";
			projectRoot = "";
			targets = (
				2CA3BEEE26CDF4C6002F661A /* native-sample */,
			);
		};
/* End PBXProject section */

/* Begin PBXResourcesBuildPhase section */
		2CA3BEED26CDF4C6002F661A /* Resources */ = {
			isa = PBXResourcesBuildPhase;
			buildActionMask = 2147483647;
			files = (
				2CA3BF0226CDF4C7002F661A /* LaunchScreen.storyboard in Resources */,
				2CA3BEFF26CDF4C7002F661A /* Assets.xcassets in Resources */,
				2CA3BEFD26CDF4C6002F661A /* Main.storyboard in Resources */,
				E1C84E1AACA48837080AA257 /* TopSDKSource.bundle in Resources */,
				FF8C4D2D92E8559F094BBFB5 /* GoogleSignIn.bundle in Resources */,
			);
			runOnlyForDeploymentPostprocessing = 0;
		};
/* End PBXResourcesBuildPhase section */

/* Begin PBXSourcesBuildPhase section */
		2CA3BEEB26CDF4C6002F661A /* Sources */ = {
			isa = PBXSourcesBuildPhase;
			buildActionMask = 2147483647;
			files = (
				2CA3BEFA26CDF4C6002F661A /* ViewController.m in Sources */,
				2CA3BEF426CDF4C6002F661A /* AppDelegate.m in Sources */,
				2CA3BF0526CDF4C7002F661A /* main.m in Sources */,
				2CA3BEF726CDF4C6002F661A /* SceneDelegate.m in Sources */,
				604E43FE9686F03C95F620E8 /* TOPCoreModel.xcdatamodeld in Sources */,
			);
			runOnlyForDeploymentPostprocessing = 0;
		};
/* End PBXSourcesBuildPhase section */

/* Begin PBXVariantGroup section */
		2CA3BEFB26CDF4C6002F661A /* Main.storyboard */ = {
			isa = PBXVariantGroup;
			children = (
				2CA3BEFC26CDF4C6002F661A /* Base */,
				2CA3BF0B26CDFA68002F661A /* ar */,
				2CA3BF0D26CDFA6D002F661A /* zh-Hans */,
				2CA3BF0F26CDFA72002F661A /* zh-HK */,
				2CA3BF1126CDFA88002F661A /* ko */,
			);
			name = Main.storyboard;
			sourceTree = "<group>";
		};
		2CA3BF0026CDF4C7002F661A /* LaunchScreen.storyboard */ = {
			isa = PBXVariantGroup;
			children = (
				2CA3BF0126CDF4C7002F661A /* Base */,
				2CA3BF0C26CDFA68002F661A /* ar */,
				2CA3BF0E26CDFA6D002F661A /* zh-Hans */,
				2CA3BF1026CDFA72002F661A /* zh-HK */,
				2CA3BF1226CDFA88002F661A /* ko */,
			);
			name = LaunchScreen.storyboard;
			sourceTree = "<group>";
		};
/* End PBXVariantGroup section */

/* Begin XCBuildConfiguration section */
		2CA3BF0626CDF4C7002F661A /* Debug */ = {
			isa = XCBuildConfiguration;
			buildSettings = {
				ALWAYS_SEARCH_USER_PATHS = NO;
				CLANG_ANALYZER_LOCALIZABILITY_NONLOCALIZED = YES;
				CLANG_ANALYZER_NONNULL = YES;
				CLANG_ANALYZER_NUMBER_OBJECT_CONVERSION = YES_AGGRESSIVE;
				CLANG_CXX_LANGUAGE_STANDARD = "gnu++14";
				CLANG_CXX_LIBRARY = "libc++";
				CLANG_ENABLE_MODULES = YES;
				CLANG_ENABLE_OBJC_ARC = YES;
				CLANG_ENABLE_OBJC_WEAK = YES;
				CLANG_WARN_BLOCK_CAPTURE_AUTORELEASING = YES;
				CLANG_WARN_BOOL_CONVERSION = YES;
				CLANG_WARN_COMMA = YES;
				CLANG_WARN_CONSTANT_CONVERSION = YES;
				CLANG_WARN_DEPRECATED_OBJC_IMPLEMENTATIONS = YES;
				CLANG_WARN_DIRECT_OBJC_ISA_USAGE = YES_ERROR;
				CLANG_WARN_DOCUMENTATION_COMMENTS = YES;
				CLANG_WARN_EMPTY_BODY = YES;
				CLANG_WARN_ENUM_CONVERSION = YES;
				CLANG_WARN_INFINITE_RECURSION = YES;
				CLANG_WARN_INT_CONVERSION = YES;
				CLANG_WARN_NON_LITERAL_NULL_CONVERSION = YES;
				CLANG_WARN_OBJC_IMPLICIT_RETAIN_SELF = YES;
				CLANG_WARN_OBJC_LITERAL_CONVERSION = YES;
				CLANG_WARN_OBJC_ROOT_CLASS = YES_ERROR;
				CLANG_WARN_QUOTED_INCLUDE_IN_FRAMEWORK_HEADER = YES;
				CLANG_WARN_RANGE_LOOP_ANALYSIS = YES;
				CLANG_WARN_STRICT_PROTOTYPES = YES;
				CLANG_WARN_SUSPICIOUS_MOVE = YES;
				CLANG_WARN_UNGUARDED_AVAILABILITY = YES_AGGRESSIVE;
				CLANG_WARN_UNREACHABLE_CODE = YES;
				CLANG_WARN__DUPLICATE_METHOD_MATCH = YES;
				COPY_PHASE_STRIP = NO;
				DEBUG_INFORMATION_FORMAT = dwarf;
				ENABLE_STRICT_OBJC_MSGSEND = YES;
				ENABLE_TESTABILITY = YES;
				GCC_C_LANGUAGE_STANDARD = gnu11;
				GCC_DYNAMIC_NO_PIC = NO;
				GCC_NO_COMMON_BLOCKS = YES;
				GCC_OPTIMIZATION_LEVEL = 0;
				GCC_PREPROCESSOR_DEFINITIONS = (
					"DEBUG=1",
					"$(inherited)",
				);
				GCC_WARN_64_TO_32_BIT_CONVERSION = YES;
				GCC_WARN_ABOUT_RETURN_TYPE = YES_ERROR;
				GCC_WARN_UNDECLARED_SELECTOR = YES;
				GCC_WARN_UNINITIALIZED_AUTOS = YES_AGGRESSIVE;
				GCC_WARN_UNUSED_FUNCTION = YES;
				GCC_WARN_UNUSED_VARIABLE = YES;
				IPHONEOS_DEPLOYMENT_TARGET = 9.0;
				MTL_ENABLE_DEBUG_INFO = INCLUDE_SOURCE;
				MTL_FAST_MATH = YES;
				ONLY_ACTIVE_ARCH = YES;
				SDKROOT = iphoneos;
			};
			name = Debug;
		};
		2CA3BF0726CDF4C7002F661A /* Release */ = {
			isa = XCBuildConfiguration;
			buildSettings = {
				ALWAYS_SEARCH_USER_PATHS = NO;
				CLANG_ANALYZER_LOCALIZABILITY_NONLOCALIZED = YES;
				CLANG_ANALYZER_NONNULL = YES;
				CLANG_ANALYZER_NUMBER_OBJECT_CONVERSION = YES_AGGRESSIVE;
				CLANG_CXX_LANGUAGE_STANDARD = "gnu++14";
				CLANG_CXX_LIBRARY = "libc++";
				CLANG_ENABLE_MODULES = YES;
				CLANG_ENABLE_OBJC_ARC = YES;
				CLANG_ENABLE_OBJC_WEAK = YES;
				CLANG_WARN_BLOCK_CAPTURE_AUTORELEASING = YES;
				CLANG_WARN_BOOL_CONVERSION = YES;
				CLANG_WARN_COMMA = YES;
				CLANG_WARN_CONSTANT_CONVERSION = YES;
				CLANG_WARN_DEPRECATED_OBJC_IMPLEMENTATIONS = YES;
				CLANG_WARN_DIRECT_OBJC_ISA_USAGE = YES_ERROR;
				CLANG_WARN_DOCUMENTATION_COMMENTS = YES;
				CLANG_WARN_EMPTY_BODY = YES;
				CLANG_WARN_ENUM_CONVERSION = YES;
				CLANG_WARN_INFINITE_RECURSION = YES;
				CLANG_WARN_INT_CONVERSION = YES;
				CLANG_WARN_NON_LITERAL_NULL_CONVERSION = YES;
				CLANG_WARN_OBJC_IMPLICIT_RETAIN_SELF = YES;
				CLANG_WARN_OBJC_LITERAL_CONVERSION = YES;
				CLANG_WARN_OBJC_ROOT_CLASS = YES_ERROR;
				CLANG_WARN_QUOTED_INCLUDE_IN_FRAMEWORK_HEADER = YES;
				CLANG_WARN_RANGE_LOOP_ANALYSIS = YES;
				CLANG_WARN_STRICT_PROTOTYPES = YES;
				CLANG_WARN_SUSPICIOUS_MOVE = YES;
				CLANG_WARN_UNGUARDED_AVAILABILITY = YES_AGGRESSIVE;
				CLANG_WARN_UNREACHABLE_CODE = YES;
				CLANG_WARN__DUPLICATE_METHOD_MATCH = YES;
				COPY_PHASE_STRIP = NO;
				DEBUG_INFORMATION_FORMAT = "dwarf-with-dsym";
				ENABLE_NS_ASSERTIONS = NO;
				ENABLE_STRICT_OBJC_MSGSEND = YES;
				GCC_C_LANGUAGE_STANDARD = gnu11;
				GCC_NO_COMMON_BLOCKS = YES;
				GCC_WARN_64_TO_32_BIT_CONVERSION = YES;
				GCC_WARN_ABOUT_RETURN_TYPE = YES_ERROR;
				GCC_WARN_UNDECLARED_SELECTOR = YES;
				GCC_WARN_UNINITIALIZED_AUTOS = YES_AGGRESSIVE;
				GCC_WARN_UNUSED_FUNCTION = YES;
				GCC_WARN_UNUSED_VARIABLE = YES;
				IPHONEOS_DEPLOYMENT_TARGET = 9.0;
				MTL_ENABLE_DEBUG_INFO = NO;
				MTL_FAST_MATH = YES;
				SDKROOT = iphoneos;
				VALIDATE_PRODUCT = YES;
			};
			name = Release;
		};
		2CA3BF0926CDF4C7002F661A /* Debug */ = {
			isa = XCBuildConfiguration;
			buildSettings = {
				ALWAYS_EMBED_SWIFT_STANDARD_LIBRARIES = YES;
				ASSETCATALOG_COMPILER_APPICON_NAME = AppIcon;
				ASSETCATALOG_COMPILER_GLOBAL_ACCENT_COLOR_NAME = AccentColor;
				CODE_SIGN_ENTITLEMENTS = "native-sample/native-sample.entitlements";
				CODE_SIGN_STYLE = Automatic;
				DEVELOPMENT_TEAM = R542DS95C9;
				ENABLE_BITCODE = NO;
				FRAMEWORK_SEARCH_PATHS = (
					"$(SRCROOT)/topSDK",
					"$(inherited)",
					"$(PROJECT_DIR)/topSDK",
				);
				INFOPLIST_FILE = "native-sample/Info.plist";
				IPHONEOS_DEPLOYMENT_TARGET = 9.0;
				LD_RUNPATH_SEARCH_PATHS = (
					"$(inherited)",
					"@executable_path/Frameworks",
				);
				OTHER_LDFLAGS = "-ObjC";
				PRODUCT_BUNDLE_IDENTIFIER = com.gameplus.sdkdemo;
				PRODUCT_NAME = "$(TARGET_NAME)";
				TARGETED_DEVICE_FAMILY = "1,2";
				VALIDATE_WORKSPACE = YES;
			};
			name = Debug;
		};
		2CA3BF0A26CDF4C7002F661A /* Release */ = {
			isa = XCBuildConfiguration;
			buildSettings = {
				ALWAYS_EMBED_SWIFT_STANDARD_LIBRARIES = YES;
				ASSETCATALOG_COMPILER_APPICON_NAME = AppIcon;
				ASSETCATALOG_COMPILER_GLOBAL_ACCENT_COLOR_NAME = AccentColor;
				CODE_SIGN_ENTITLEMENTS = "native-sample/native-sample.entitlements";
				CODE_SIGN_STYLE = Automatic;
				DEVELOPMENT_TEAM = R542DS95C9;
				ENABLE_BITCODE = NO;
				FRAMEWORK_SEARCH_PATHS = (
					"$(SRCROOT)/topSDK",
					"$(inherited)",
					"$(PROJECT_DIR)/topSDK",
				);
				INFOPLIST_FILE = "native-sample/Info.plist";
				IPHONEOS_DEPLOYMENT_TARGET = 9.0;
				LD_RUNPATH_SEARCH_PATHS = (
					"$(inherited)",
					"@executable_path/Frameworks",
				);
				OTHER_LDFLAGS = "-ObjC";
				PRODUCT_BUNDLE_IDENTIFIER = com.gameplus.sdkdemo;
				PRODUCT_NAME = "$(TARGET_NAME)";
				TARGETED_DEVICE_FAMILY = "1,2";
				VALIDATE_WORKSPACE = YES;
			};
			name = Release;
		};
/* End XCBuildConfiguration section */

/* Begin XCConfigurationList section */
		2CA3BEEA26CDF4C6002F661A /* Build configuration list for PBXProject "native-sample" */ = {
			isa = XCConfigurationList;
			buildConfigurations = (
				2CA3BF0626CDF4C7002F661A /* Debug */,
				2CA3BF0726CDF4C7002F661A /* Release */,
			);
			defaultConfigurationIsVisible = 0;
			defaultConfigurationName = Release;
		};
		2CA3BF0826CDF4C7002F661A /* Build configuration list for PBXNativeTarget "native-sample" */ = {
			isa = XCConfigurationList;
			buildConfigurations = (
				2CA3BF0926CDF4C7002F661A /* Debug */,
				2CA3BF0A26CDF4C7002F661A /* Release */,
			);
			defaultConfigurationIsVisible = 0;
			defaultConfigurationName = Release;
		};
/* End XCConfigurationList section */
	};
	rootObject = 2CA3BEE726CDF4C6002F661A /* Project object */;
}
